
Microsoft Visual Studio Solution File, Format Version 12.00
# Visual Studio Version 17
VisualStudioVersion = 17.0.31903.59
MinimumVisualStudioVersion = 10.0.40219.1
Project("{FAE04EC0-301F-11D3-BF4B-00C04F79EFBC}") = "Flow", "Flow\Flow.csproj", "{D389D81C-5B86-4DDE-92C5-B3E68F672BC7}"
EndProject
Project("{FAE04EC0-301F-11D3-BF4B-00C04F79EFBC}") = "Flow.Tests", "Flow.Tests\Flow.Tests.csproj", "{A4598839-847A-4699-AFF0-C77FB17FEEBE}"
EndProject
Global
	GlobalSection(SolutionConfigurationPlatforms) = preSolution
		Debug|Any CPU = Debug|Any CPU
		Debug|x64 = Debug|x64
		Debug|x86 = Debug|x86
		Release|Any CPU = Release|Any CPU
		Release|x64 = Release|x64
		Release|x86 = Release|x86
	EndGlobalSection
	GlobalSection(ProjectConfigurationPlatforms) = postSolution
		{D389D81C-5B86-4DDE-92C5-B3E68F672BC7}.Debug|Any CPU.ActiveCfg = Debug|Any CPU
		{D389D81C-5B86-4DDE-92C5-B3E68F672BC7}.Debug|Any CPU.Build.0 = Debug|Any CPU
		{D389D81C-5B86-4DDE-92C5-B3E68F672BC7}.Debug|x64.ActiveCfg = Debug|Any CPU
		{D389D81C-5B86-4DDE-92C5-B3E68F672BC7}.Debug|x64.Build.0 = Debug|Any CPU
		{D389D81C-5B86-4DDE-92C5-B3E68F672BC7}.Debug|x86.ActiveCfg = Debug|Any CPU
		{D389D81C-5B86-4DDE-92C5-B3E68F672BC7}.Debug|x86.Build.0 = Debug|Any CPU
		{D389D81C-5B86-4DDE-92C5-B3E68F672BC7}.Release|Any CPU.ActiveCfg = Release|Any CPU
		{D389D81C-5B86-4DDE-92C5-B3E68F672BC7}.Release|Any CPU.Build.0 = Release|Any CPU
		{D389D81C-5B86-4DDE-92C5-B3E68F672BC7}.Release|x64.ActiveCfg = Release|Any CPU
		{D389D81C-5B86-4DDE-92C5-B3E68F672BC7}.Release|x64.Build.0 = Release|Any CPU
		{D389D81C-5B86-4DDE-92C5-B3E68F672BC7}.Release|x86.ActiveCfg = Release|Any CPU
		{D389D81C-5B86-4DDE-92C5-B3E68F672BC7}.Release|x86.Build.0 = Release|Any CPU
		{A4598839-847A-4699-AFF0-C77FB17FEEBE}.Debug|Any CPU.ActiveCfg = Debug|Any CPU
		{A4598839-847A-4699-AFF0-C77FB17FEEBE}.Debug|Any CPU.Build.0 = Debug|Any CPU
		{A4598839-847A-4699-AFF0-C77FB17FEEBE}.Debug|x64.ActiveCfg = Debug|Any CPU
		{A4598839-847A-4699-AFF0-C77FB17FEEBE}.Debug|x64.Build.0 = Debug|Any CPU
		{A4598839-847A-4699-AFF0-C77FB17FEEBE}.Debug|x86.ActiveCfg = Debug|Any CPU
		{A4598839-847A-4699-AFF0-C77FB17FEEBE}.Debug|x86.Build.0 = Debug|Any CPU
		{A4598839-847A-4699-AFF0-C77FB17FEEBE}.Release|Any CPU.ActiveCfg = Release|Any CPU
		{A4598839-847A-4699-AFF0-C77FB17FEEBE}.Release|Any CPU.Build.0 = Release|Any CPU
		{A4598839-847A-4699-AFF0-C77FB17FEEBE}.Release|x64.ActiveCfg = Release|Any CPU
		{A4598839-847A-4699-AFF0-C77FB17FEEBE}.Release|x64.Build.0 = Release|Any CPU
		{A4598839-847A-4699-AFF0-C77FB17FEEBE}.Release|x86.ActiveCfg = Release|Any CPU
		{A4598839-847A-4699-AFF0-C77FB17FEEBE}.Release|x86.Build.0 = Release|Any CPU
	EndGlobalSection
	GlobalSection(SolutionProperties) = preSolution
		HideSolutionNode = FALSE
	EndGlobalSection
EndGlobal
